
Microsoft Visual Studio Solution File, Format Version 12.00
# Visual Studio Version 16
VisualStudioVersion = 16.0.29905.134
MinimumVisualStudioVersion = 10.0.40219.1
Project("{FAE04EC0-301F-11D3-BF4B-00C04F79EFBC}") = "webPI", "webPI.csproj", "{DBDCDCB9-A794-4489-9228-D2C98821A379}"
EndProject
Global
	GlobalSection(SolutionConfigurationPlatforms) = preSolution
		Debug|Any CPU = Debug|Any CPU
		Release|Any CPU = Release|Any CPU
	EndGlobalSection
	GlobalSection(ProjectConfigurationPlatforms) = postSolution
		{DBDCDCB9-A794-4489-9228-D2C98821A379}.Debug|Any CPU.ActiveCfg = Debug|Any CPU
		{DBDCDCB9-A794-4489-9228-D2C98821A379}.Debug|Any CPU.Build.0 = Debug|Any CPU
		{DBDCDCB9-A794-4489-9228-D2C98821A379}.Release|Any CPU.ActiveCfg = Release|Any CPU
		{DBDCDCB9-A794-4489-9228-D2C98821A379}.Release|Any CPU.Build.0 = Release|Any CPU
	EndGlobalSection
	GlobalSection(SolutionProperties) = preSolution
		HideSolutionNode = FALSE
	EndGlobalSection
	GlobalSection(ExtensibilityGlobals) = postSolution
		SolutionGuid = {DB113134-B933-42CF-8C64-B1E502728DC4}
	EndGlobalSection
EndGlobal
